
Microsoft Visual Studio Solution File, Format Version 12.00
# Visual Studio 15
VisualStudioVersion = 15.0.28010.2026
MinimumVisualStudioVersion = 10.0.40219.1
Project("{FAE04EC0-301F-11D3-BF4B-00C04F79EFBC}") = "InstituteOfFineArts", "InstituteOfFineArts\InstituteOfFineArts.csproj", "{8D07923C-9BDE-4903-ADE8-0F7548EB32EE}"
EndProject
Global
	GlobalSection(SolutionConfigurationPlatforms) = preSolution
		Debug|Any CPU = Debug|Any CPU
		Release|Any CPU = Release|Any CPU
	EndGlobalSection
	GlobalSection(ProjectConfigurationPlatforms) = postSolution
		{8D07923C-9BDE-4903-ADE8-0F7548EB32EE}.Debug|Any CPU.ActiveCfg = Debug|Any CPU
		{8D07923C-9BDE-4903-ADE8-0F7548EB32EE}.Debug|Any CPU.Build.0 = Debug|Any CPU
		{8D07923C-9BDE-4903-ADE8-0F7548EB32EE}.Release|Any CPU.ActiveCfg = Release|Any CPU
		{8D07923C-9BDE-4903-ADE8-0F7548EB32EE}.Release|Any CPU.Build.0 = Release|Any CPU
	EndGlobalSection
	GlobalSection(SolutionProperties) = preSolution
		HideSolutionNode = FALSE
	EndGlobalSection
	GlobalSection(ExtensibilityGlobals) = postSolution
		SolutionGuid = {CE9CEBCE-0A68-491F-A53E-A7DF158E6C19}
	EndGlobalSection
EndGlobal
